PODS:
  - CoreMLHelpers (0.2.0)
  - SwiftyBeaver (1.6.2)

DEPENDENCIES:
  - CoreMLHelpers (from `git://github.com/hollance/CoreMLHelpers`)
  - SwiftyBeaver

SPEC REPOS:
  https://github.com/cocoapods/specs.git:
    - SwiftyBeaver

EXTERNAL SOURCES:
  CoreMLHelpers:
    :git: git://github.com/hollance/CoreMLHelpers

CHECKOUT OPTIONS:
  CoreMLHelpers:
    :commit: 6df452776c94cd55f576ad6d1ae04b7d49b3d50e
    :git: git://github.com/hollance/CoreMLHelpers

SPEC CHECKSUMS:
  CoreMLHelpers: 6d0b6e69d950ed1abce6866c44e9441587b8f9dc
  SwiftyBeaver: 8e67ab3cd94389cbbb7a9c7cc02748d98bfee68e

PODFILE CHECKSUM: e2261a53db47fbb3992dad8854e1487200de9bc3

COCOAPODS: 1.5.2
